Microsoft Visual Studio Solution File, Format Version 12.00
# Visual Studio Version 17
VisualStudioVersion = 17.5.2.0
MinimumVisualStudioVersion = 10.0.40219.1
Project("{FAE04EC0-301F-11D3-BF4B-00C04F79EFBC}") = "WpfCustomControls", "WpfCustomControls\WpfCustomControls.csproj", "{BC6099CA-A8EF-17A6-47F5-E574C5E83DCD}"
EndProject
Project("{FAE04EC0-301F-11D3-BF4B-00C04F79EFBC}") = "WpfCustomUI.Example", "WpfCustomUI.Example\WpfCustomUI.Example.csproj", "{487A2176-A44F-4265-341D-79BA1754CD05}"
EndProject
Global
	GlobalSection(SolutionConfigurationPlatforms) = preSolution
		Debug|Any CPU = Debug|Any CPU
		Release|Any CPU = Release|Any CPU
	EndGlobalSection
	GlobalSection(ProjectConfigurationPlatforms) = postSolution
		{BC6099CA-A8EF-17A6-47F5-E574C5E83DCD}.Debug|Any CPU.ActiveCfg = Debug|Any CPU
		{BC6099CA-A8EF-17A6-47F5-E574C5E83DCD}.Debug|Any CPU.Build.0 = Debug|Any CPU
		{BC6099CA-A8EF-17A6-47F5-E574C5E83DCD}.Release|Any CPU.ActiveCfg = Release|Any CPU
		{BC6099CA-A8EF-17A6-47F5-E574C5E83DCD}.Release|Any CPU.Build.0 = Release|Any CPU
		{487A2176-A44F-4265-341D-79BA1754CD05}.Debug|Any CPU.ActiveCfg = Debug|Any CPU
		{487A2176-A44F-4265-341D-79BA1754CD05}.Debug|Any CPU.Build.0 = Debug|Any CPU
		{487A2176-A44F-4265-341D-79BA1754CD05}.Release|Any CPU.ActiveCfg = Release|Any CPU
		{487A2176-A44F-4265-341D-79BA1754CD05}.Release|Any CPU.Build.0 = Release|Any CPU
	EndGlobalSection
	GlobalSection(SolutionProperties) = preSolution
		HideSolutionNode = FALSE
	EndGlobalSection
	GlobalSection(ExtensibilityGlobals) = postSolution
		SolutionGuid = {32E9A45F-2DCD-4BE7-8A7E-3D6DC5AB0DA5}
	EndGlobalSection
EndGlobal
