<Solution>
  <Project Path="WpfCustomUI.Controls.Tests/WpfCustomUI.Controls.Tests.csproj" Id="f835e78c-21ec-4ab5-aac2-63fe22a8c1bf" />
  <Project Path="WpfCustomUI.Controls/WpfCustomUI.Controls.csproj" Id="9af16a2f-62aa-494f-8c21-94e2f1fe8974" />
  <Project Path="WpfCustomUI.Charts/WpfCustomUI.Charts.csproj" />
  <Project Path="WpfCustomUI.Docking/WpfCustomUI.Docking.csproj" />
  <Project Path="WpfCustomUI.Gallery/WpfCustomUI.Gallery.csproj" />
  <Project Path="WpfCustomUI.Viewport3D/WpfCustomUI.Viewport3D.csproj" />
  <Project Path="WpfCustomUI.Viewport3D.Tests/WpfCustomUI.Viewport3D.Tests.csproj" />
  <Folder Name="/samples/">
    <Folder Name="/samples/CaeStudio/">
      <Project Path="samples/CaeStudio/CaeStudio.Domain/CaeStudio.Domain.csproj" />
      <Project Path="samples/CaeStudio/CaeStudio.Application/CaeStudio.Application.csproj" />
      <Project Path="samples/CaeStudio/CaeStudio.Infrastructure/CaeStudio.Infrastructure.csproj" />
      <Project Path="samples/CaeStudio/CaeStudio.App/CaeStudio.App.csproj" />
      <Project Path="samples/CaeStudio/CaeStudio.Tests/CaeStudio.Tests.csproj" />
    </Folder>
  </Folder>
</Solution>
